
Microsoft Visual Studio Solution File, Format Version 12.00
# Visual Studio Version 16
VisualStudioVersion = 16.0.29709.97
MinimumVisualStudioVersion = 10.0.40219.1
Project("{888888A0-9F3D-457C-B088-3A5042F75D52}") = "Ayush_Python", "Ayush_Python\Ayush_Python.pyproj", "{B18C42F0-C8C1-430E-AAB2-1BE0AD28D506}"
EndProject
Global
	GlobalSection(SolutionConfigurationPlatforms) = preSolution
		Debug|Any CPU = Debug|Any CPU
		Release|Any CPU = Release|Any CPU
	EndGlobalSection
	GlobalSection(ProjectConfigurationPlatforms) = postSolution
		{B18C42F0-C8C1-430E-AAB2-1BE0AD28D506}.Debug|Any CPU.ActiveCfg = Debug|Any CPU
		{B18C42F0-C8C1-430E-AAB2-1BE0AD28D506}.Release|Any CPU.ActiveCfg = Release|Any CPU
	EndGlobalSection
	GlobalSection(SolutionProperties) = preSolution
		HideSolutionNode = FALSE
	EndGlobalSection
	GlobalSection(ExtensibilityGlobals) = postSolution
		SolutionGuid = {11DF1BB3-C53F-4DDC-8593-1B5769CDD044}
	EndGlobalSection
EndGlobal
